// !$*UTF8*$!
{
	archiveVersion = 1;
	classes = {
	};
	objectVersion = 50;
	objects = {

/* Begin PBXBuildFile section */
		0E241A502254437B00982EE3 /* AppDelegate.swift in Sources */ = {isa = PBXBuildFile; fileRef = 0E241A4F2254437B00982EE3 /* AppDelegate.swift */; };
		0E241A552254437B00982EE3 /* Main.storyboard in Resources */ = {isa = PBXBuildFile; fileRef = 0E241A532254437B00982EE3 /* Main.storyboard */; };
		0E241A572254437E00982EE3 /* Assets.xcassets in Resources */ = {isa = PBXBuildFile; fileRef = 0E241A562254437E00982EE3 /* Assets.xcassets */; };
		0E241A5A2254437E00982EE3 /* LaunchScreen.storyboard in Resources */ = {isa = PBXBuildFile; fileRef = 0E241A582254437E00982EE3 /* LaunchScreen.storyboard */; };
		0E241A652254437E00982EE3 /* ParstagramTests.swift in Sources */ = {isa = PBXBuildFile; fileRef = 0E241A642254437E00982EE3 /* ParstagramTests.swift */; };
		0E241A702254437E00982EE3 /* ParstagramUITests.swift in Sources */ = {isa = PBXBuildFile; fileRef = 0E241A6F2254437E00982EE3 /* ParstagramUITests.swift */; };
		0E241A8022544C2000982EE3 /* LoginViewController.swift in Sources */ = {isa = PBXBuildFile; fileRef = 0E241A7F22544C2000982EE3 /* LoginViewController.swift */; };
		0E241A8222544C2B00982EE3 /* FeedViewController.swift in Sources */ = {isa = PBXBuildFile; fileRef = 0E241A8122544C2B00982EE3 /* FeedViewController.swift */; };
		0E241A842256F30200982EE3 /* CameraViewController.swift in Sources */ = {isa = PBXBuildFile; fileRef = 0E241A832256F30200982EE3 /* CameraViewController.swift */; };
		0E241A862259133600982EE3 /* PostCell.swift in Sources */ = {isa = PBXBuildFile; fileRef = 0E241A852259133600982EE3 /* PostCell.swift */; };
		26A95619EFD48672CC9F6CF9 /* Pods_ParstagramUITests.framework in Frameworks */ = {isa = PBXBuildFile; fileRef = B0572EC4111FD27B3A7D47AF /* Pods_ParstagramUITests.framework */; };
		5ED36B5215BF39D53DC3EB3B /* Pods_ParstagramTests.framework in Frameworks */ = {isa = PBXBuildFile; fileRef = 3EAEE098B1882AC73B2DC09A /* Pods_ParstagramTests.framework */; };
		ABFEB651F2717F0ED316BF23 /* Pods_Parstagram.framework in Frameworks */ = {isa = PBXBuildFile; fileRef = 19F061F43760A6AC93D721EC /* Pods_Parstagram.framework */; };
/* End PBXBuildFile section */

/* Begin PBXContainerItemProxy section */
		0E241A612254437E00982EE3 /* PBXContainerItemProxy */ = {
			isa = PBXContainerItemProxy;
			containerPortal = 0E241A442254437B00982EE3 /* Project object */;
			proxyType = 1;
			remoteGlobalIDString = 0E241A4B2254437B00982EE3;
			remoteInfo = Parstagram;
		};
		0E241A6C2254437E00982EE3 /* PBXContainerItemProxy */ = {
			isa = PBXContainerItemProxy;
			containerPortal = 0E241A442254437B00982EE3 /* Project object */;
			proxyType = 1;
			remoteGlobalIDString = 0E241A4B2254437B00982EE3;
			remoteInfo = Parstagram;
		};
/* End PBXContainerItemProxy section */

/* Begin PBXFileReference section */
		0C1F8B2DB13B01DA71237EA3 /* Pods-ParstagramTests.debug.xcconfig */ = {isa = PBXFileReference; includeInIndex = 1; lastKnownFileType = text.xcconfig; name = "Pods-ParstagramTests.debug.xcconfig"; path = "Target Support Files/Pods-ParstagramTests/Pods-ParstagramTests.debug.xcconfig"; sourceTree = "<group>"; };
		0E241A4C2254437B00982EE3 /* Parstagram.app */ = {isa = PBXFileReference; explicitFileType = wrapper.application; includeInIndex = 0; path = Parstagram.app; sourceTree = BUILT_PRODUCTS_DIR; };
		0E241A4F2254437B00982EE3 /* AppDelegate.swift */ = {isa = PBXFileReference; lastKnownFileType = sourcecode.swift; path = AppDelegate.swift; sourceTree = "<group>"; };
		0E241A542254437B00982EE3 /* Base */ = {isa = PBXFileReference; lastKnownFileType = file.storyboard; name = Base; path = Base.lproj/Main.storyboard; sourceTree = "<group>"; };
		0E241A562254437E00982EE3 /* Assets.xcassets */ = {isa = PBXFileReference; lastKnownFileType = folder.assetcatalog; path = Assets.xcassets; sourceTree = "<group>"; };
		0E241A592254437E00982EE3 /* Base */ = {isa = PBXFileReference; lastKnownFileType = file.storyboard; name = Base; path = Base.lproj/LaunchScreen.storyboard; sourceTree = "<group>"; };
		0E241A5B2254437E00982EE3 /* Info.plist */ = {isa = PBXFileReference; lastKnownFileType = text.plist.xml; path = Info.plist; sourceTree = "<group>"; };
		0E241A602254437E00982EE3 /* ParstagramTests.xctest */ = {isa = PBXFileReference; explicitFileType = wrapper.cfbundle; includeInIndex = 0; path = ParstagramTests.xctest; sourceTree = BUILT_PRODUCTS_DIR; };
		0E241A642254437E00982EE3 /* ParstagramTests.swift */ = {isa = PBXFileReference; lastKnownFileType = sourcecode.swift; path = ParstagramTests.swift; sourceTree = "<group>"; };
		0E241A662254437E00982EE3 /* Info.plist */ = {isa = PBXFileReference; lastKnownFileType = text.plist.xml; path = Info.plist; sourceTree = "<group>"; };
		0E241A6B2254437E00982EE3 /* ParstagramUITests.xctest */ = {isa = PBXFileReference; explicitFileType = wrapper.cfbundle; includeInIndex = 0; path = ParstagramUITests.xctest; sourceTree = BUILT_PRODUCTS_DIR; };
		0E241A6F2254437E00982EE3 /* ParstagramUITests.swift */ = {isa = PBXFileReference; lastKnownFileType = sourcecode.swift; path = ParstagramUITests.swift; sourceTree = "<group>"; };
		0E241A712254437E00982EE3 /* Info.plist */ = {isa = PBXFileReference; lastKnownFileType = text.plist.xml; path = Info.plist; sourceTree = "<group>"; };
		0E241A7F22544C2000982EE3 /* LoginViewController.swift */ = {isa = PBXFileReference; lastKnownFileType = sourcecode.swift; path = LoginViewController.swift; sourceTree = "<group>"; };
		0E241A8122544C2B00982EE3 /* FeedViewController.swift */ = {isa = PBXFileReference; lastKnownFileType = sourcecode.swift; path = FeedViewController.swift; sourceTree = "<group>"; };
		0E241A832256F30200982EE3 /* CameraViewController.swift */ = {isa = PBXFileReference; lastKnownFileType = sourcecode.swift; path = CameraViewController.swift; sourceTree = "<group>"; };
		0E241A852259133600982EE3 /* PostCell.swift */ = {isa = PBXFileReference; lastKnownFileType = sourcecode.swift; path = PostCell.swift; sourceTree = "<group>"; };
		19F061F43760A6AC93D721EC /* Pods_Parstagram.framework */ = {isa = PBXFileReference; explicitFileType = wrapper.framework; includeInIndex = 0; path = Pods_Parstagram.framework; sourceTree = BUILT_PRODUCTS_DIR; };
		1E4DEEA80C17C08EE7729BD4 /* Pods-ParstagramTests.release.xcconfig */ = {isa = PBXFileReference; includeInIndex = 1; lastKnownFileType = text.xcconfig; name = "Pods-ParstagramTests.release.xcconfig"; path = "Target Support Files/Pods-ParstagramTests/Pods-ParstagramTests.release.xcconfig"; sourceTree = "<group>"; };
		3EAEE098B1882AC73B2DC09A /* Pods_ParstagramTests.framework */ = {isa = PBXFileReference; explicitFileType = wrapper.framework; includeInIndex = 0; path = Pods_ParstagramTests.framework; sourceTree = BUILT_PRODUCTS_DIR; };
		808F26AD14C2BEA2BD3156AF /* Pods-Parstagram.debug.xcconfig */ = {isa = PBXFileReference; includeInIndex = 1; lastKnownFileType = text.xcconfig; name = "Pods-Parstagram.debug.xcconfig"; path = "Target Support Files/Pods-Parstagram/Pods-Parstagram.debug.xcconfig"; sourceTree = "<group>"; };
		A675A37B92B9905883B29872 /* Pods-Parstagram.release.xcconfig */ = {isa = PBXFileReference; includeInIndex = 1; lastKnownFileType = text.xcconfig; name = "Pods-Parstagram.release.xcconfig"; path = "Target Support Files/Pods-Parstagram/Pods-Parstagram.release.xcconfig"; sourceTree = "<group>"; };
		B0572EC4111FD27B3A7D47AF /* Pods_ParstagramUITests.framework */ = {isa = PBXFileReference; explicitFileType = wrapper.framework; includeInIndex = 0; path = Pods_ParstagramUITests.framework; sourceTree = BUILT_PRODUCTS_DIR; };
		C851BC867CCA8B144F2C966F /* Pods-ParstagramUITests.release.xcconfig */ = {isa = PBXFileReference; includeInIndex = 1; lastKnownFileType = text.xcconfig; name = "Pods-ParstagramUITests.release.xcconfig"; path = "Target Support Files/Pods-ParstagramUITests/Pods-ParstagramUITests.release.xcconfig"; sourceTree = "<group>"; };
		D9481E9106983EEEB8B81D57 /* Pods-ParstagramUITests.debug.xcconfig */ = {isa = PBXFileReference; includeInIndex = 1; lastKnownFileType = text.xcconfig; name = "Pods-ParstagramUITests.debug.xcconfig"; path = "Target Support Files/Pods-ParstagramUITests/Pods-ParstagramUITests.debug.xcconfig"; sourceTree = "<group>"; };
/* End PBXFileReference section */

/* Begin PBXFrameworksBuildPhase section */
		0E241A492254437B00982EE3 /* Frameworks */ = {
			isa = PBXFrameworksBuildPhase;
			buildActionMask = 2147483647;
			files = (
				ABFEB651F2717F0ED316BF23 /* Pods_Parstagram.framework in Frameworks */,
			);
			runOnlyForDeploymentPostprocessing = 0;
		};
		0E241A5D2254437E00982EE3 /* Frameworks */ = {
			isa = PBXFrameworksBuildPhase;
			buildActionMask = 2147483647;
			files = (
				5ED36B5215BF39D53DC3EB3B /* Pods_ParstagramTests.framework in Frameworks */,
			);
			runOnlyForDeploymentPostprocessing = 0;
		};
		0E241A682254437E00982EE3 /* Frameworks */ = {
			isa = PBXFrameworksBuildPhase;
			buildActionMask = 2147483647;
			files = (
				26A95619EFD48672CC9F6CF9 /* Pods_ParstagramUITests.framework in Frameworks */,
			);
			runOnlyForDeploymentPostprocessing = 0;
		};
/* End PBXFrameworksBuildPhase section */

/* Begin PBXGroup section */
		0E241A432254437B00982EE3 = {
			isa = PBXGroup;
			children = (
				0E241A4E2254437B00982EE3 /* Parstagram */,
				0E241A632254437E00982EE3 /* ParstagramTests */,
				0E241A6E2254437E00982EE3 /* ParstagramUITests */,
				0E241A4D2254437B00982EE3 /* Products */,
				88DD510470D72F564BD0BD63 /* Pods */,
				E6CBD97ADE0EF2545179956E /* Frameworks */,
			);
			sourceTree = "<group>";
		};
		0E241A4D2254437B00982EE3 /* Products */ = {
			isa = PBXGroup;
			children = (
				0E241A4C2254437B00982EE3 /* Parstagram.app */,
				0E241A602254437E00982EE3 /* ParstagramTests.xctest */,
				0E241A6B2254437E00982EE3 /* ParstagramUITests.xctest */,
			);
			name = Products;
			sourceTree = "<group>";
		};
		0E241A4E2254437B00982EE3 /* Parstagram */ = {
			isa = PBXGroup;
			children = (
				0E241A4F2254437B00982EE3 /* AppDelegate.swift */,
				0E241A532254437B00982EE3 /* Main.storyboard */,
				0E241A852259133600982EE3 /* PostCell.swift */,
				0E241A562254437E00982EE3 /* Assets.xcassets */,
				0E241A582254437E00982EE3 /* LaunchScreen.storyboard */,
				0E241A5B2254437E00982EE3 /* Info.plist */,
				0E241A7F22544C2000982EE3 /* LoginViewController.swift */,
				0E241A8122544C2B00982EE3 /* FeedViewController.swift */,
				0E241A832256F30200982EE3 /* CameraViewController.swift */,
			);
			path = Parstagram;
			sourceTree = "<group>";
		};
		0E241A632254437E00982EE3 /* ParstagramTests */ = {
			isa = PBXGroup;
			children = (
				0E241A642254437E00982EE3 /* ParstagramTests.swift */,
				0E241A662254437E00982EE3 /* Info.plist */,
			);
			path = ParstagramTests;
			sourceTree = "<group>";
		};
		0E241A6E2254437E00982EE3 /* ParstagramUITests */ = {
			isa = PBXGroup;
			children = (
				0E241A6F2254437E00982EE3 /* ParstagramUITests.swift */,
				0E241A712254437E00982EE3 /* Info.plist */,
			);
			path = ParstagramUITests;
			sourceTree = "<group>";
		};
		88DD510470D72F564BD0BD63 /* Pods */ = {
			isa = PBXGroup;
			children = (
				808F26AD14C2BEA2BD3156AF /* Pods-Parstagram.debug.xcconfig */,
				A675A37B92B9905883B29872 /* Pods-Parstagram.release.xcconfig */,
				0C1F8B2DB13B01DA71237EA3 /* Pods-ParstagramTests.debug.xcconfig */,
				1E4DEEA80C17C08EE7729BD4 /* Pods-ParstagramTests.release.xcconfig */,
				D9481E9106983EEEB8B81D57 /* Pods-ParstagramUITests.debug.xcconfig */,
				C851BC867CCA8B144F2C966F /* Pods-ParstagramUITests.release.xcconfig */,
			);
			path = Pods;
			sourceTree = "<group>";
		};
		E6CBD97ADE0EF2545179956E /* Frameworks */ = {
			isa = PBXGroup;
			children = (
				19F061F43760A6AC93D721EC /* Pods_Parstagram.framework */,
				3EAEE098B1882AC73B2DC09A /* Pods_ParstagramTests.framework */,
				B0572EC4111FD27B3A7D47AF /* Pods_ParstagramUITests.framework */,
			);
			name = Frameworks;
			sourceTree = "<group>";
		};
/* End PBXGroup section */

/* Begin PBXNativeTarget section */
		0E241A4B2254437B00982EE3 /* Parstagram */ = {
			isa = PBXNativeTarget;
			buildConfigurationList = 0E241A742254437E00982EE3 /* Build configuration list for PBXNativeTarget "Parstagram" */;
			buildPhases = (
				496B0BA903A33387E1F98BAE /* [CP] Check Pods Manifest.lock */,
				0E241A482254437B00982EE3 /* Sources */,
				0E241A492254437B00982EE3 /* Frameworks */,
				0E241A4A2254437B00982EE3 /* Resources */,
				2ED209151749AF892625C597 /* [CP] Embed Pods Frameworks */,
			);
			buildRules = (
			);
			dependencies = (
			);
			name = Parstagram;
			productName = Parstagram;
			productReference = 0E241A4C2254437B00982EE3 /* Parstagram.app */;
			productType = "com.apple.product-type.application";
		};
		0E241A5F2254437E00982EE3 /* ParstagramTests */ = {
			isa = PBXNativeTarget;
			buildConfigurationList = 0E241A772254437E00982EE3 /* Build configuration list for PBXNativeTarget "ParstagramTests" */;
			buildPhases = (
				5DA424EACF39798F38F40BFD /* [CP] Check Pods Manifest.lock */,
				0E241A5C2254437E00982EE3 /* Sources */,
				0E241A5D2254437E00982EE3 /* Frameworks */,
				0E241A5E2254437E00982EE3 /* Resources */,
			);
			buildRules = (
			);
			dependencies = (
				0E241A622254437E00982EE3 /* PBXTargetDependency */,
			);
			name = ParstagramTests;
			productName = ParstagramTests;
			productReference = 0E241A602254437E00982EE3 /* ParstagramTests.xctest */;
			productType = "com.apple.product-type.bundle.unit-test";
		};
		0E241A6A2254437E00982EE3 /* ParstagramUITests */ = {
			isa = PBXNativeTarget;
			buildConfigurationList = 0E241A7A2254437E00982EE3 /* Build configuration list for PBXNativeTarget "ParstagramUITests" */;
			buildPhases = (
				05B2DD06DC419E3680B7B675 /* [CP] Check Pods Manifest.lock */,
				0E241A672254437E00982EE3 /* Sources */,
				0E241A682254437E00982EE3 /* Frameworks */,
				0E241A692254437E00982EE3 /* Resources */,
			);
			buildRules = (
			);
			dependencies = (
				0E241A6D2254437E00982EE3 /* PBXTargetDependency */,
			);
			name = ParstagramUITests;
			productName = ParstagramUITests;
			productReference = 0E241A6B2254437E00982EE3 /* ParstagramUITests.xctest */;
			productType = "com.apple.product-type.bundle.ui-testing";
		};
/* End PBXNativeTarget section */

/* Begin PBXProject section */
		0E241A442254437B00982EE3 /* Project object */ = {
			isa = PBXProject;
			attributes = {
				LastSwiftUpdateCheck = 0940;
				LastUpgradeCheck = 0940;
				ORGANIZATIONNAME = codePath;
				TargetAttributes = {
					0E241A4B2254437B00982EE3 = {
						CreatedOnToolsVersion = 9.4.1;
					};
					0E241A5F2254437E00982EE3 = {
						CreatedOnToolsVersion = 9.4.1;
						TestTargetID = 0E241A4B2254437B00982EE3;
					};
					0E241A6A2254437E00982EE3 = {
						CreatedOnToolsVersion = 9.4.1;
						TestTargetID = 0E241A4B2254437B00982EE3;
					};
				};
			};
			buildConfigurationList = 0E241A472254437B00982EE3 /* Build configuration list for PBXProject "Parstagram" */;
			compatibilityVersion = "Xcode 9.3";
			developmentRegion = en;
			hasScannedForEncodings = 0;
			knownRegions = (
				en,
				Base,
			);
			mainGroup = 0E241A432254437B00982EE3;
			productRefGroup = 0E241A4D2254437B00982EE3 /* Products */;
			projectDirPath = "";
			projectRoot = "";
			targets = (
				0E241A4B2254437B00982EE3 /* Parstagram */,
				0E241A5F2254437E00982EE3 /* ParstagramTests */,
				0E241A6A2254437E00982EE3 /* ParstagramUITests */,
			);
		};
/* End PBXProject section */

/* Begin PBXResourcesBuildPhase section */
		0E241A4A2254437B00982EE3 /* Resources */ = {
			isa = PBXResourcesBuildPhase;
			buildActionMask = 2147483647;
			files = (
				0E241A5A2254437E00982EE3 /* LaunchScreen.storyboard in Resources */,
				0E241A572254437E00982EE3 /* Assets.xcassets in Resources */,
				0E241A552254437B00982EE3 /* Main.storyboard in Resources */,
			);
			runOnlyForDeploymentPostprocessing = 0;
		};
		0E241A5E2254437E00982EE3 /* Resources */ = {
			isa = PBXResourcesBuildPhase;
			buildActionMask = 2147483647;
			files = (
			);
			runOnlyForDeploymentPostprocessing = 0;
		};
		0E241A692254437E00982EE3 /* Resources */ = {
			isa = PBXResourcesBuildPhase;
			buildActionMask = 2147483647;
			files = (
			);
			runOnlyForDeploymentPostprocessing = 0;
		};
/* End PBXResourcesBuildPhase section */

/* Begin PBXShellScriptBuildPhase section */
		05B2DD06DC419E3680B7B675 /* [CP] Check Pods Manifest.lock */ = {
			isa = PBXShellScriptBuildPhase;
			buildActionMask = 2147483647;
			files = (
			);
			inputPaths = (
				"${PODS_PODFILE_DIR_PATH}/Podfile.lock",
				"${PODS_ROOT}/Manifest.lock",
			);
			name = "[CP] Check Pods Manifest.lock";
			outputPaths = (
				"$(DERIVED_FILE_DIR)/Pods-ParstagramUITests-checkManifestLockResult.txt",
			);
			runOnlyForDeploymentPostprocessing = 0;
			shellPath = /bin/sh;
			shellScript = "diff \"${PODS_PODFILE_DIR_PATH}/Podfile.lock\" \"${PODS_ROOT}/Manifest.lock\" > /dev/null\nif [ $? != 0 ] ; then\n    # print error to STDERR\n    echo \"error: The sandbox is not in sync with the Podfile.lock. Run 'pod install' or update your CocoaPods installation.\" >&2\n    exit 1\nfi\n# This output is used by Xcode 'outputs' to avoid re-running this script phase.\necho \"SUCCESS\" > \"${SCRIPT_OUTPUT_FILE_0}\"\n";
			showEnvVarsInLog = 0;
		};
		2ED209151749AF892625C597 /* [CP] Embed Pods Frameworks */ = {
			isa = PBXShellScriptBuildPhase;
			buildActionMask = 2147483647;
			files = (
			);
			inputPaths = (
				"${PODS_ROOT}/Target Support Files/Pods-Parstagram/Pods-Parstagram-frameworks.sh",
				"${BUILT_PRODUCTS_DIR}/Alamofire/Alamofire.framework",
				"${BUILT_PRODUCTS_DIR}/AlamofireImage/AlamofireImage.framework",
				"${BUILT_PRODUCTS_DIR}/Bolts/Bolts.framework",
				"${BUILT_PRODUCTS_DIR}/Parse/Parse.framework",
			);
			name = "[CP] Embed Pods Frameworks";
			outputPaths = (
				"${TARGET_BUILD_DIR}/${FRAMEWORKS_FOLDER_PATH}/Alamofire.framework",
				"${TARGET_BUILD_DIR}/${FRAMEWORKS_FOLDER_PATH}/AlamofireImage.framework",
				"${TARGET_BUILD_DIR}/${FRAMEWORKS_FOLDER_PATH}/Bolts.framework",
				"${TARGET_BUILD_DIR}/${FRAMEWORKS_FOLDER_PATH}/Parse.framework",
			);
			runOnlyForDeploymentPostprocessing = 0;
			shellPath = /bin/sh;
			shellScript = "\"${PODS_ROOT}/Target Support Files/Pods-Parstagram/Pods-Parstagram-frameworks.sh\"\n";
			showEnvVarsInLog = 0;
		};
		496B0BA903A33387E1F98BAE /* [CP] Check Pods Manifest.lock */ = {
			isa = PBXShellScriptBuildPhase;
			buildActionMask = 2147483647;
			files = (
			);
			inputPaths = (
				"${PODS_PODFILE_DIR_PATH}/Podfile.lock",
				"${PODS_ROOT}/Manifest.lock",
			);
			name = "[CP] Check Pods Manifest.lock";
			outputPaths = (
				"$(DERIVED_FILE_DIR)/Pods-Parstagram-checkManifestLockResult.txt",
			);
			runOnlyForDeploymentPostprocessing = 0;
			shellPath = /bin/sh;
			shellScript = "diff \"${PODS_PODFILE_DIR_PATH}/Podfile.lock\" \"${PODS_ROOT}/Manifest.lock\" > /dev/null\nif [ $? != 0 ] ; then\n    # print error to STDERR\n    echo \"error: The sandbox is not in sync with the Podfile.lock. Run 'pod install' or update your CocoaPods installation.\" >&2\n    exit 1\nfi\n# This output is used by Xcode 'outputs' to avoid re-running this script phase.\necho \"SUCCESS\" > \"${SCRIPT_OUTPUT_FILE_0}\"\n";
			showEnvVarsInLog = 0;
		};
		5DA424EACF39798F38F40BFD /* [CP] Check Pods Manifest.lock */ = {
			isa = PBXShellScriptBuildPhase;
			buildActionMask = 2147483647;
			files = (
			);
			inputPaths = (
				"${PODS_PODFILE_DIR_PATH}/Podfile.lock",
				"${PODS_ROOT}/Manifest.lock",
			);
			name = "[CP] Check Pods Manifest.lock";
			outputPaths = (
				"$(DERIVED_FILE_DIR)/Pods-ParstagramTests-checkManifestLockResult.txt",
			);
			runOnlyForDeploymentPostprocessing = 0;
			shellPath = /bin/sh;
			shellScript = "diff \"${PODS_PODFILE_DIR_PATH}/Podfile.lock\" \"${PODS_ROOT}/Manifest.lock\" > /dev/null\nif [ $? != 0 ] ; then\n    # print error to STDERR\n    echo \"error: The sandbox is not in sync with the Podfile.lock. Run 'pod install' or update your CocoaPods installation.\" >&2\n    exit 1\nfi\n# This output is used by Xcode 'outputs' to avoid re-running this script phase.\necho \"SUCCESS\" > \"${SCRIPT_OUTPUT_FILE_0}\"\n";
			showEnvVarsInLog = 0;
		};
/* End PBXShellScriptBuildPhase section */

/* Begin PBXSourcesBuildPhase section */
		0E241A482254437B00982EE3 /* Sources */ = {
			isa = PBXSourcesBuildPhase;
			buildActionMask = 2147483647;
			files = (
				0E241A8022544C2000982EE3 /* LoginViewController.swift in Sources */,
				0E241A842256F30200982EE3 /* CameraViewController.swift in Sources */,
				0E241A8222544C2B00982EE3 /* FeedViewController.swift in Sources */,
				0E241A502254437B00982EE3 /* AppDelegate.swift in Sources */,
				0E241A862259133600982EE3 /* PostCell.swift in Sources */,
			);
			runOnlyForDeploymentPostprocessing = 0;
		};
		0E241A5C2254437E00982EE3 /* Sources */ = {
			isa = PBXSourcesBuildPhase;
			buildActionMask = 2147483647;
			files = (
				0E241A652254437E00982EE3 /* ParstagramTests.swift in Sources */,
			);
			runOnlyForDeploymentPostprocessing = 0;
		};
		0E241A672254437E00982EE3 /* Sources */ = {
			isa = PBXSourcesBuildPhase;
			buildActionMask = 2147483647;
			files = (
				0E241A702254437E00982EE3 /* ParstagramUITests.swift in Sources */,
			);
			runOnlyForDeploymentPostprocessing = 0;
		};
/* End PBXSourcesBuildPhase section */

/* Begin PBXTargetDependency section */
		0E241A622254437E00982EE3 /* PBXTargetDependency */ = {
			isa = PBXTargetDependency;
			target = 0E241A4B2254437B00982EE3 /* Parstagram */;
			targetProxy = 0E241A612254437E00982EE3 /* PBXContainerItemProxy */;
		};
		0E241A6D2254437E00982EE3 /* PBXTargetDependency */ = {
			isa = PBXTargetDependency;
			target = 0E241A4B2254437B00982EE3 /* Parstagram */;
			targetProxy = 0E241A6C2254437E00982EE3 /* PBXContainerItemProxy */;
		};
/* End PBXTargetDependency section */

/* Begin PBXVariantGroup section */
		0E241A532254437B00982EE3 /* Main.storyboard */ = {
			isa = PBXVariantGroup;
			children = (
				0E241A542254437B00982EE3 /* Base */,
			);
			name = Main.storyboard;
			sourceTree = "<group>";
		};
		0E241A582254437E00982EE3 /* LaunchScreen.storyboard */ = {
			isa = PBXVariantGroup;
			children = (
				0E241A592254437E00982EE3 /* Base */,
			);
			name = LaunchScreen.storyboard;
			sourceTree = "<group>";
		};
/* End PBXVariantGroup section */

/* Begin XCBuildConfiguration section */
		0E241A722254437E00982EE3 /* Debug */ = {
			isa = XCBuildConfiguration;
			buildSettings = {
				ALWAYS_SEARCH_USER_PATHS = NO;
				CLANG_ANALYZER_NONNULL = YES;
				CLANG_ANALYZER_NUMBER_OBJECT_CONVERSION = YES_AGGRESSIVE;
				CLANG_CXX_LANGUAGE_STANDARD = "gnu++14";
				CLANG_CXX_LIBRARY = "libc++";
				CLANG_ENABLE_MODULES = YES;
				CLANG_ENABLE_OBJC_ARC = YES;
				CLANG_ENABLE_OBJC_WEAK = YES;
				CLANG_WARN_BLOCK_CAPTURE_AUTORELEASING = YES;
				CLANG_WARN_BOOL_CONVERSION = YES;
				CLANG_WARN_COMMA = YES;
				CLANG_WARN_CONSTANT_CONVERSION = YES;
				CLANG_WARN_DEPRECATED_OBJC_IMPLEMENTATIONS = YES;
				CLANG_WARN_DIRECT_OBJC_ISA_USAGE = YES_ERROR;
				CLANG_WARN_DOCUMENTATION_COMMENTS = YES;
				CLANG_WARN_EMPTY_BODY = YES;
				CLANG_WARN_ENUM_CONVERSION = YES;
				CLANG_WARN_INFINITE_RECURSION = YES;
				CLANG_WARN_INT_CONVERSION = YES;
				CLANG_WARN_NON_LITERAL_NULL_CONVERSION = YES;
				CLANG_WARN_OBJC_IMPLICIT_RETAIN_SELF = YES;
				CLANG_WARN_OBJC_LITERAL_CONVERSION = YES;
				CLANG_WARN_OBJC_ROOT_CLASS = YES_ERROR;
				CLANG_WARN_RANGE_LOOP_ANALYSIS = YES;
				CLANG_WARN_STRICT_PROTOTYPES = YES;
				CLANG_WARN_SUSPICIOUS_MOVE = YES;
				CLANG_WARN_UNGUARDED_AVAILABILITY = YES_AGGRESSIVE;
				CLANG_WARN_UNREACHABLE_CODE = YES;
				CLANG_WARN__DUPLICATE_METHOD_MATCH = YES;
				CODE_SIGN_IDENTITY = "iPhone Developer";
				COPY_PHASE_STRIP = NO;
				DEBUG_INFORMATION_FORMAT = dwarf;
				ENABLE_STRICT_OBJC_MSGSEND = YES;
				ENABLE_TESTABILITY = YES;
				GCC_C_LANGUAGE_STANDARD = gnu11;
				GCC_DYNAMIC_NO_PIC = NO;
				GCC_NO_COMMON_BLOCKS = YES;
				GCC_OPTIMIZATION_LEVEL = 0;
				GCC_PREPROCESSOR_DEFINITIONS = (
					"DEBUG=1",
					"$(inherited)",
				);
				GCC_WARN_64_TO_32_BIT_CONVERSION = YES;
				GCC_WARN_ABOUT_RETURN_TYPE = YES_ERROR;
				GCC_WARN_UNDECLARED_SELECTOR = YES;
				GCC_WARN_UNINITIALIZED_AUTOS = YES_AGGRESSIVE;
				GCC_WARN_UNUSED_FUNCTION = YES;
				GCC_WARN_UNUSED_VARIABLE = YES;
				IPHONEOS_DEPLOYMENT_TARGET = 11.4;
				MTL_ENABLE_DEBUG_INFO = YES;
				ONLY_ACTIVE_ARCH = YES;
				SDKROOT = iphoneos;
				SWIFT_ACTIVE_COMPILATION_CONDITIONS = DEBUG;
				SWIFT_OPTIMIZATION_LEVEL = "-Onone";
			};
			name = Debug;
		};
		0E241A732254437E00982EE3 /* Release */ = {
			isa = XCBuildConfiguration;
			buildSettings = {
				ALWAYS_SEARCH_USER_PATHS = NO;
				CLANG_ANALYZER_NONNULL = YES;
				CLANG_ANALYZER_NUMBER_OBJECT_CONVERSION = YES_AGGRESSIVE;
				CLANG_CXX_LANGUAGE_STANDARD = "gnu++14";
				CLANG_CXX_LIBRARY = "libc++";
				CLANG_ENABLE_MODULES = YES;
				CLANG_ENABLE_OBJC_ARC = YES;
				CLANG_ENABLE_OBJC_WEAK = YES;
				CLANG_WARN_BLOCK_CAPTURE_AUTORELEASING = YES;
				CLANG_WARN_BOOL_CONVERSION = YES;
				CLANG_WARN_COMMA = YES;
				CLANG_WARN_CONSTANT_CONVERSION = YES;
				CLANG_WARN_DEPRECATED_OBJC_IMPLEMENTATIONS = YES;
				CLANG_WARN_DIRECT_OBJC_ISA_USAGE = YES_ERROR;
				CLANG_WARN_DOCUMENTATION_COMMENTS = YES;
				CLANG_WARN_EMPTY_BODY = YES;
				CLANG_WARN_ENUM_CONVERSION = YES;
				CLANG_WARN_INFINITE_RECURSION = YES;
				CLANG_WARN_INT_CONVERSION = YES;
				CLANG_WARN_NON_LITERAL_NULL_CONVERSION = YES;
				CLANG_WARN_OBJC_IMPLICIT_RETAIN_SELF = YES;
				CLANG_WARN_OBJC_LITERAL_CONVERSION = YES;
				CLANG_WARN_OBJC_ROOT_CLASS = YES_ERROR;
				CLANG_WARN_RANGE_LOOP_ANALYSIS = YES;
				CLANG_WARN_STRICT_PROTOTYPES = YES;
				CLANG_WARN_SUSPICIOUS_MOVE = YES;
				CLANG_WARN_UNGUARDED_AVAILABILITY = YES_AGGRESSIVE;
				CLANG_WARN_UNREACHABLE_CODE = YES;
				CLANG_WARN__DUPLICATE_METHOD_MATCH = YES;
				CODE_SIGN_IDENTITY = "iPhone Developer";
				COPY_PHASE_STRIP = NO;
				DEBUG_INFORMATION_FORMAT = "dwarf-with-dsym";
				ENABLE_NS_ASSERTIONS = NO;
				ENABLE_STRICT_OBJC_MSGSEND = YES;
				GCC_C_LANGUAGE_STANDARD = gnu11;
				GCC_NO_COMMON_BLOCKS = YES;
				GCC_WARN_64_TO_32_BIT_CONVERSION = YES;
				GCC_WARN_ABOUT_RETURN_TYPE = YES_ERROR;
				GCC_WARN_UNDECLARED_SELECTOR = YES;
				GCC_WARN_UNINITIALIZED_AUTOS = YES_AGGRESSIVE;
				GCC_WARN_UNUSED_FUNCTION = YES;
				GCC_WARN_UNUSED_VARIABLE = YES;
				IPHONEOS_DEPLOYMENT_TARGET = 11.4;
				MTL_ENABLE_DEBUG_INFO = NO;
				SDKROOT = iphoneos;
				SWIFT_COMPILATION_MODE = wholemodule;
				SWIFT_OPTIMIZATION_LEVEL = "-O";
				VALIDATE_PRODUCT = YES;
			};
			name = Release;
		};
		0E241A752254437E00982EE3 /* Debug */ = {
			isa = XCBuildConfiguration;
			baseConfigurationReference = 808F26AD14C2BEA2BD3156AF /* Pods-Parstagram.debug.xcconfig */;
			buildSettings = {
				ASSETCATALOG_COMPILER_APPICON_NAME = AppIcon;
				CODE_SIGN_STYLE = Automatic;
				INFOPLIST_FILE = Parstagram/Info.plist;
				LD_RUNPATH_SEARCH_PATHS = (
					"$(inherited)",
					"@executable_path/Frameworks",
				);
				PRODUCT_BUNDLE_IDENTIFIER = pedrosuchite.com.Parstagram;
				PRODUCT_NAME = "$(TARGET_NAME)";
				SWIFT_VERSION = 4.0;
				TARGETED_DEVICE_FAMILY = "1,2";
			};
			name = Debug;
		};
		0E241A762254437E00982EE3 /* Release */ = {
			isa = XCBuildConfiguration;
			baseConfigurationReference = A675A37B92B9905883B29872 /* Pods-Parstagram.release.xcconfig */;
			buildSettings = {
				ASSETCATALOG_COMPILER_APPICON_NAME = AppIcon;
				CODE_SIGN_STYLE = Automatic;
				INFOPLIST_FILE = Parstagram/Info.plist;
				LD_RUNPATH_SEARCH_PATHS = (
					"$(inherited)",
					"@executable_path/Frameworks",
				);
				PRODUCT_BUNDLE_IDENTIFIER = pedrosuchite.com.Parstagram;
				PRODUCT_NAME = "$(TARGET_NAME)";
				SWIFT_VERSION = 4.0;
				TARGETED_DEVICE_FAMILY = "1,2";
			};
			name = Release;
		};
		0E241A782254437E00982EE3 /* Debug */ = {
			isa = XCBuildConfiguration;
			baseConfigurationReference = 0C1F8B2DB13B01DA71237EA3 /* Pods-ParstagramTests.debug.xcconfig */;
			buildSettings = {
				ALWAYS_EMBED_SWIFT_STANDARD_LIBRARIES = YES;
				BUNDLE_LOADER = "$(TEST_HOST)";
				CODE_SIGN_STYLE = Automatic;
				INFOPLIST_FILE = ParstagramTests/Info.plist;
				LD_RUNPATH_SEARCH_PATHS = (
					"$(inherited)",
					"@executable_path/Frameworks",
					"@loader_path/Frameworks",
				);
				PRODUCT_BUNDLE_IDENTIFIER = pedrosuchite.com.ParstagramTests;
				PRODUCT_NAME = "$(TARGET_NAME)";
				SWIFT_VERSION = 4.0;
				TARGETED_DEVICE_FAMILY = "1,2";
				TEST_HOST = "$(BUILT_PRODUCTS_DIR)/Parstagram.app/Parstagram";
			};
			name = Debug;
		};
		0E241A792254437E00982EE3 /* Release */ = {
			isa = XCBuildConfiguration;
			baseConfigurationReference = 1E4DEEA80C17C08EE7729BD4 /* Pods-ParstagramTests.release.xcconfig */;
			buildSettings = {
				ALWAYS_EMBED_SWIFT_STANDARD_LIBRARIES = YES;
				BUNDLE_LOADER = "$(TEST_HOST)";
				CODE_SIGN_STYLE = Automatic;
				INFOPLIST_FILE = ParstagramTests/Info.plist;
				LD_RUNPATH_SEARCH_PATHS = (
					"$(inherited)",
					"@executable_path/Frameworks",
					"@loader_path/Frameworks",
				);
				PRODUCT_BUNDLE_IDENTIFIER = pedrosuchite.com.ParstagramTests;
				PRODUCT_NAME = "$(TARGET_NAME)";
				SWIFT_VERSION = 4.0;
				TARGETED_DEVICE_FAMILY = "1,2";
				TEST_HOST = "$(BUILT_PRODUCTS_DIR)/Parstagram.app/Parstagram";
			};
			name = Release;
		};
		0E241A7B2254437E00982EE3 /* Debug */ = {
			isa = XCBuildConfiguration;
			baseConfigurationReference = D9481E9106983EEEB8B81D57 /* Pods-ParstagramUITests.debug.xcconfig */;
			buildSettings = {
				ALWAYS_EMBED_SWIFT_STANDARD_LIBRARIES = YES;
				CODE_SIGN_STYLE = Automatic;
				INFOPLIST_FILE = ParstagramUITests/Info.plist;
				LD_RUNPATH_SEARCH_PATHS = (
					"$(inherited)",
					"@executable_path/Frameworks",
					"@loader_path/Frameworks",
				);
				PRODUCT_BUNDLE_IDENTIFIER = pedrosuchite.com.ParstagramUITests;
				PRODUCT_NAME = "$(TARGET_NAME)";
				SWIFT_VERSION = 4.0;
				TARGETED_DEVICE_FAMILY = "1,2";
				TEST_TARGET_NAME = Parstagram;
			};
			name = Debug;
		};
		0E241A7C2254437E00982EE3 /* Release */ = {
			isa = XCBuildConfiguration;
			baseConfigurationReference = C851BC867CCA8B144F2C966F /* Pods-ParstagramUITests.release.xcconfig */;
			buildSettings = {
				ALWAYS_EMBED_SWIFT_STANDARD_LIBRARIES = YES;
				CODE_SIGN_STYLE = Automatic;
				INFOPLIST_FILE = ParstagramUITests/Info.plist;
				LD_RUNPATH_SEARCH_PATHS = (
					"$(inherited)",
					"@executable_path/Frameworks",
					"@loader_path/Frameworks",
				);
				PRODUCT_BUNDLE_IDENTIFIER = pedrosuchite.com.ParstagramUITests;
				PRODUCT_NAME = "$(TARGET_NAME)";
				SWIFT_VERSION = 4.0;
				TARGETED_DEVICE_FAMILY = "1,2";
				TEST_TARGET_NAME = Parstagram;
			};
			name = Release;
		};
/* End XCBuildConfiguration section */

/* Begin XCConfigurationList section */
		0E241A472254437B00982EE3 /* Build configuration list for PBXProject "Parstagram" */ = {
			isa = XCConfigurationList;
			buildConfigurations = (
				0E241A722254437E00982EE3 /* Debug */,
				0E241A732254437E00982EE3 /* Release */,
			);
			defaultConfigurationIsVisible = 0;
			defaultConfigurationName = Release;
		};
		0E241A742254437E00982EE3 /* Build configuration list for PBXNativeTarget "Parstagram" */ = {
			isa = XCConfigurationList;
			buildConfigurations = (
				0E241A752254437E00982EE3 /* Debug */,
				0E241A762254437E00982EE3 /* Release */,
			);
			defaultConfigurationIsVisible = 0;
			defaultConfigurationName = Release;
		};
		0E241A772254437E00982EE3 /* Build configuration list for PBXNativeTarget "ParstagramTests" */ = {
			isa = XCConfigurationList;
			buildConfigurations = (
				0E241A782254437E00982EE3 /* Debug */,
				0E241A792254437E00982EE3 /* Release */,
			);
			defaultConfigurationIsVisible = 0;
			defaultConfigurationName = Release;
		};
		0E241A7A2254437E00982EE3 /* Build configuration list for PBXNativeTarget "ParstagramUITests" */ = {
			isa = XCConfigurationList;
			buildConfigurations = (
				0E241A7B2254437E00982EE3 /* Debug */,
				0E241A7C2254437E00982EE3 /* Release */,
			);
			defaultConfigurationIsVisible = 0;
			defaultConfigurationName = Release;
		};
/* End XCConfigurationList section */
	};
	rootObject = 0E241A442254437B00982EE3 /* Project object */;
}
